{
  "name": "cm-puzzle-player",
  "version": "1.0.0",
  "lockfileVersion": 2,
  "requires": true,
  "packages": {
    "": {
      "version": "1.0.0",
      "hasInstallScript": true,
      "license": "MIT",
      "dependencies": {
        "cm-chess": "^2.1.6",
        "cm-chessboard": "^3.16.0",
        "cm-web-modules": "^1.11.13"
      }
    },
    "node_modules/chess.mjs": {
      "version": "1.2.0",
      "resolved": "https://registry.npmjs.org/chess.mjs/-/chess.mjs-1.2.0.tgz",
      "integrity": "sha512-6WLXJ0RHJSn/VjCVAOE6N8mTNXChjrN+xOTOKnpF+v94eCULyRd5KfRNLvxxmxKKxCkck9VsquPirLT0nxH4og=="
    },
    "node_modules/cm-chess": {
      "version": "2.1.6",
      "resolved": "https://registry.npmjs.org/cm-chess/-/cm-chess-2.1.6.tgz",
      "integrity": "sha512-TyHvcFsaxhPedluM60W2myn7UsvnAi0aTWcBfh8h2p1j/nqxCNwg9j/oqY7c/4aXCGLH0ILmlrWN7sjaEWSUlA==",
      "hasInstallScript": true,
      "dependencies": {
        "chess.mjs": "^1.1.1",
        "cm-pgn": "^2.1.4",
        "modrator": "^1.1.6"
      }
    },
    "node_modules/cm-chessboard": {
      "version": "3.16.0",
      "resolved": "https://registry.npmjs.org/cm-chessboard/-/cm-chessboard-3.16.0.tgz",
      "integrity": "sha512-9Y2+N/5A2oWm1j5Jc4cRPLfWCYlI1BxyAUuFncOBN5dcpPNZelLhukaKmAOSPShtQ544wbmIVkXOjTVMOrsiow=="
    },
    "node_modules/cm-pgn": {
      "version": "2.1.5",
      "resolved": "https://registry.npmjs.org/cm-pgn/-/cm-pgn-2.1.5.tgz",
      "integrity": "sha512-b5CRywxGRl0c+Vxw4IP5cYztSsWkarnyaeAnEqS9MT/PG2Mr2aWMY2O1VFuJmiIC90hCAyQt9SWgZ+9EtfUNiw==",
      "hasInstallScript": true,
      "dependencies": {
        "chess.mjs": "^1.1.0",
        "modrator": "^1.1.7"
      }
    },
    "node_modules/cm-web-modules": {
      "version": "1.11.13",
      "resolved": "https://registry.npmjs.org/cm-web-modules/-/cm-web-modules-1.11.13.tgz",
      "integrity": "sha512-3PyUupdhAtEU6V962T3hq/tBvjFxVn7jugep3KsvJYr8T/xOYPEUFK0mOhMeHq3dfNslQttDNwI9szPXzMZaJg=="
    },
    "node_modules/modrator": {
      "version": "1.2.0",
      "resolved": "https://registry.npmjs.org/modrator/-/modrator-1.2.0.tgz",
      "integrity": "sha512-lYXFYkn2ecPzUKdBa8/dXl5zDTZUqFwjpmXO8+7nqZ64/Dx7Ln8Z63ZUXNzIQq4ITq1jDiuXwnL/+Lbcz0tbzg=="
    }
  },
  "dependencies": {
    "chess.mjs": {
      "version": "1.2.0",
      "resolved": "https://registry.npmjs.org/chess.mjs/-/chess.mjs-1.2.0.tgz",
      "integrity": "sha512-6WLXJ0RHJSn/VjCVAOE6N8mTNXChjrN+xOTOKnpF+v94eCULyRd5KfRNLvxxmxKKxCkck9VsquPirLT0nxH4og=="
    },
    "cm-chess": {
      "version": "2.1.6",
      "resolved": "https://registry.npmjs.org/cm-chess/-/cm-chess-2.1.6.tgz",
      "integrity": "sha512-TyHvcFsaxhPedluM60W2myn7UsvnAi0aTWcBfh8h2p1j/nqxCNwg9j/oqY7c/4aXCGLH0ILmlrWN7sjaEWSUlA==",
      "requires": {
        "chess.mjs": "^1.1.1",
        "cm-pgn": "^2.1.4",
        "modrator": "^1.1.6"
      }
    },
    "cm-chessboard": {
      "version": "3.16.0",
      "resolved": "https://registry.npmjs.org/cm-chessboard/-/cm-chessboard-3.16.0.tgz",
      "integrity": "sha512-9Y2+N/5A2oWm1j5Jc4cRPLfWCYlI1BxyAUuFncOBN5dcpPNZelLhukaKmAOSPShtQ544wbmIVkXOjTVMOrsiow=="
    },
    "cm-pgn": {
      "version": "2.1.5",
      "resolved": "https://registry.npmjs.org/cm-pgn/-/cm-pgn-2.1.5.tgz",
      "integrity": "sha512-b5CRywxGRl0c+Vxw4IP5cYztSsWkarnyaeAnEqS9MT/PG2Mr2aWMY2O1VFuJmiIC90hCAyQt9SWgZ+9EtfUNiw==",
      "requires": {
        "chess.mjs": "^1.1.0",
        "modrator": "^1.1.7"
      }
    },
    "cm-web-modules": {
      "version": "1.11.13",
      "resolved": "https://registry.npmjs.org/cm-web-modules/-/cm-web-modules-1.11.13.tgz",
      "integrity": "sha512-3PyUupdhAtEU6V962T3hq/tBvjFxVn7jugep3KsvJYr8T/xOYPEUFK0mOhMeHq3dfNslQttDNwI9szPXzMZaJg=="
    },
    "modrator": {
      "version": "1.2.0",
      "resolved": "https://registry.npmjs.org/modrator/-/modrator-1.2.0.tgz",
      "integrity": "sha512-lYXFYkn2ecPzUKdBa8/dXl5zDTZUqFwjpmXO8+7nqZ64/Dx7Ln8Z63ZUXNzIQq4ITq1jDiuXwnL/+Lbcz0tbzg=="
    }
  }
}
